
Microsoft Visual Studio Solution File, Format Version 12.00
# Visual Studio Version 17
VisualStudioVersion = 17.13.35825.156 d17.13
MinimumVisualStudioVersion = 10.0.40219.1
Project("{FAE04EC0-301F-11D3-BF4B-00C04F79EFBC}") = "SCBS.Repositories", "SCBS.Repositories\SCBS.Repositories.csproj", "{ADF6A913-B807-4B27-BAC9-3F3AC61C1FCB}"
EndProject
Project("{FAE04EC0-301F-11D3-BF4B-00C04F79EFBC}") = "SCBS.Services", "SCBS.Services\SCBS.Services.csproj", "{74D4CB20-FCCE-4B61-89BD-0F17CB861460}"
EndProject
Project("{FAE04EC0-301F-11D3-BF4B-00C04F79EFBC}") = "SCBS.APIServices", "SCBS.APIServices\SCBS.APIServices.csproj", "{9EB06EC3-2675-441E-944C-720A04F9471E}"
EndProject
Project("{FAE04EC0-301F-11D3-BF4B-00C04F79EFBC}") = "SCBS.MVCWebApp", "SCBS.MVCWebApp\SCBS.MVCWebApp.csproj", "{9877BF92-0325-4328-B6FA-A6D4275BDC48}"
EndProject
Global
	GlobalSection(SolutionConfigurationPlatforms) = preSolution
		Debug|Any CPU = Debug|Any CPU
		Release|Any CPU = Release|Any CPU
	EndGlobalSection
	GlobalSection(ProjectConfigurationPlatforms) = postSolution
		{ADF6A913-B807-4B27-BAC9-3F3AC61C1FCB}.Debug|Any CPU.ActiveCfg = Debug|Any CPU
		{ADF6A913-B807-4B27-BAC9-3F3AC61C1FCB}.Debug|Any CPU.Build.0 = Debug|Any CPU
		{ADF6A913-B807-4B27-BAC9-3F3AC61C1FCB}.Release|Any CPU.ActiveCfg = Release|Any CPU
		{ADF6A913-B807-4B27-BAC9-3F3AC61C1FCB}.Release|Any CPU.Build.0 = Release|Any CPU
		{74D4CB20-FCCE-4B61-89BD-0F17CB861460}.Debug|Any CPU.ActiveCfg = Debug|Any CPU
		{74D4CB20-FCCE-4B61-89BD-0F17CB861460}.Debug|Any CPU.Build.0 = Debug|Any CPU
		{74D4CB20-FCCE-4B61-89BD-0F17CB861460}.Release|Any CPU.ActiveCfg = Release|Any CPU
		{74D4CB20-FCCE-4B61-89BD-0F17CB861460}.Release|Any CPU.Build.0 = Release|Any CPU
		{9EB06EC3-2675-441E-944C-720A04F9471E}.Debug|Any CPU.ActiveCfg = Debug|Any CPU
		{9EB06EC3-2675-441E-944C-720A04F9471E}.Debug|Any CPU.Build.0 = Debug|Any CPU
		{9EB06EC3-2675-441E-944C-720A04F9471E}.Release|Any CPU.ActiveCfg = Release|Any CPU
		{9EB06EC3-2675-441E-944C-720A04F9471E}.Release|Any CPU.Build.0 = Release|Any CPU
		{9877BF92-0325-4328-B6FA-A6D4275BDC48}.Debug|Any CPU.ActiveCfg = Debug|Any CPU
		{9877BF92-0325-4328-B6FA-A6D4275BDC48}.Debug|Any CPU.Build.0 = Debug|Any CPU
		{9877BF92-0325-4328-B6FA-A6D4275BDC48}.Release|Any CPU.ActiveCfg = Release|Any CPU
		{9877BF92-0325-4328-B6FA-A6D4275BDC48}.Release|Any CPU.Build.0 = Release|Any CPU
	EndGlobalSection
	GlobalSection(SolutionProperties) = preSolution
		HideSolutionNode = FALSE
	EndGlobalSection
	GlobalSection(ExtensibilityGlobals) = postSolution
		SolutionGuid = {7D659787-D5DC-4913-810B-AD705584AEC7}
	EndGlobalSection
EndGlobal
