
Microsoft Visual Studio Solution File, Format Version 12.00
# Visual Studio Version 17
VisualStudioVersion = 17.11.35327.3
MinimumVisualStudioVersion = 10.0.40219.1
Project("{9A19103F-16F7-4668-BE54-9A1E7A4F7556}") = "DemoWPFPage", "DemoWPFPage\DemoWPFPage.csproj", "{FA677F57-0868-4487-889D-C6F7DE0B95AA}"
EndProject
Project("{FAE04EC0-301F-11D3-BF4B-00C04F79EFBC}") = "WPFReadLinkJson", "WPFReadLinkJson\WPFReadLinkJson.csproj", "{2B63CC80-1DBB-4C1B-9449-F497D7A48318}"
EndProject
Global
	GlobalSection(SolutionConfigurationPlatforms) = preSolution
		Debug|Any CPU = Debug|Any CPU
		Release|Any CPU = Release|Any CPU
	EndGlobalSection
	GlobalSection(ProjectConfigurationPlatforms) = postSolution
		{FA677F57-0868-4487-889D-C6F7DE0B95AA}.Debug|Any CPU.ActiveCfg = Debug|Any CPU
		{FA677F57-0868-4487-889D-C6F7DE0B95AA}.Debug|Any CPU.Build.0 = Debug|Any CPU
		{FA677F57-0868-4487-889D-C6F7DE0B95AA}.Release|Any CPU.ActiveCfg = Release|Any CPU
		{FA677F57-0868-4487-889D-C6F7DE0B95AA}.Release|Any CPU.Build.0 = Release|Any CPU
		{2B63CC80-1DBB-4C1B-9449-F497D7A48318}.Debug|Any CPU.ActiveCfg = Debug|Any CPU
		{2B63CC80-1DBB-4C1B-9449-F497D7A48318}.Debug|Any CPU.Build.0 = Debug|Any CPU
		{2B63CC80-1DBB-4C1B-9449-F497D7A48318}.Release|Any CPU.ActiveCfg = Release|Any CPU
		{2B63CC80-1DBB-4C1B-9449-F497D7A48318}.Release|Any CPU.Build.0 = Release|Any CPU
	EndGlobalSection
	GlobalSection(SolutionProperties) = preSolution
		HideSolutionNode = FALSE
	EndGlobalSection
	GlobalSection(ExtensibilityGlobals) = postSolution
		SolutionGuid = {37233815-5FFD-4A63-BB25-79D4D0970103}
	EndGlobalSection
EndGlobal
